// !$*UTF8*$!
{
	archiveVersion = 1;
	classes = {
	};
	objectVersion = 48;
	objects = {

/* Begin PBXBuildFile section */
		9018783E1F9E713D0062A0CE /* LinxoNUI.h in Headers */ = {isa = PBXBuildFile; fileRef = 9018783C1F9E713D0062A0CE /* LinxoNUI.h */; settings = {ATTRIBUTES = (Public, ); }; };
		901878511F9E85350062A0CE /* LinxoNUIInit.m in Sources */ = {isa = PBXBuildFile; fileRef = 901878501F9E85350062A0CE /* LinxoNUIInit.m */; };
		90ED0D121F9F20AD000F8548 /* LinxoNUIInit.h in Headers */ = {isa = PBXBuildFile; fileRef = 9018784F1F9E85350062A0CE /* LinxoNUIInit.h */; settings = {ATTRIBUTES = (Public, ); }; };
		D48BFC1A8709BD5F8F794881 /* Pods_LinxoNUI.framework in Frameworks */ = {isa = PBXBuildFile; fileRef = 7A8B54B01EB9FE29C82B200C /* Pods_LinxoNUI.framework */; };
/* End PBXBuildFile section */

/* Begin PBXFileReference section */
		2C41724778027DB8357FFB8C /* Pods-LinxoNUI.release.xcconfig */ = {isa = PBXFileReference; includeInIndex = 1; lastKnownFileType = text.xcconfig; name = "Pods-LinxoNUI.release.xcconfig"; path = "Pods/Target Support Files/Pods-LinxoNUI/Pods-LinxoNUI.release.xcconfig"; sourceTree = "<group>"; };
		674971801AC43D3E6A38A549 /* Pods-LinxoNUI.debug.xcconfig */ = {isa = PBXFileReference; includeInIndex = 1; lastKnownFileType = text.xcconfig; name = "Pods-LinxoNUI.debug.xcconfig"; path = "Pods/Target Support Files/Pods-LinxoNUI/Pods-LinxoNUI.debug.xcconfig"; sourceTree = "<group>"; };
		7A8B54B01EB9FE29C82B200C /* Pods_LinxoNUI.framework */ = {isa = PBXFileReference; explicitFileType = wrapper.framework; includeInIndex = 0; path = Pods_LinxoNUI.framework; sourceTree = BUILT_PRODUCTS_DIR; };
		901878391F9E713D0062A0CE /* LinxoNUI.framework */ = {isa = PBXFileReference; explicitFileType = wrapper.framework; includeInIndex = 0; path = LinxoNUI.framework; sourceTree = BUILT_PRODUCTS_DIR; };
		9018783C1F9E713D0062A0CE /* LinxoNUI.h */ = {isa = PBXFileReference; lastKnownFileType = sourcecode.c.h; path = LinxoNUI.h; sourceTree = "<group>"; };
		9018783D1F9E713D0062A0CE /* Info.plist */ = {isa = PBXFileReference; lastKnownFileType = text.plist.xml; path = Info.plist; sourceTree = "<group>"; };
		9018784F1F9E85350062A0CE /* LinxoNUIInit.h */ = {isa = PBXFileReference; lastKnownFileType = sourcecode.c.h; path = LinxoNUIInit.h; sourceTree = "<group>"; };
		901878501F9E85350062A0CE /* LinxoNUIInit.m */ = {isa = PBXFileReference; lastKnownFileType = sourcecode.c.objc; path = LinxoNUIInit.m; sourceTree = "<group>"; };
/* End PBXFileReference section */

/* Begin PBXFrameworksBuildPhase section */
		901878351F9E713D0062A0CE /* Frameworks */ = {
			isa = PBXFrameworksBuildPhase;
			buildActionMask = 2147483647;
			files = (
				D48BFC1A8709BD5F8F794881 /* Pods_LinxoNUI.framework in Frameworks */,
			);
			runOnlyForDeploymentPostprocessing = 0;
		};
/* End PBXFrameworksBuildPhase section */

/* Begin PBXGroup section */
		3298C32BFAE59BEAB12A9B33 /* Pods */ = {
			isa = PBXGroup;
			children = (
				674971801AC43D3E6A38A549 /* Pods-LinxoNUI.debug.xcconfig */,
				2C41724778027DB8357FFB8C /* Pods-LinxoNUI.release.xcconfig */,
			);
			name = Pods;
			sourceTree = "<group>";
		};
		40D72B433A6E991DEF6B9E7F /* Frameworks */ = {
			isa = PBXGroup;
			children = (
				7A8B54B01EB9FE29C82B200C /* Pods_LinxoNUI.framework */,
			);
			name = Frameworks;
			sourceTree = "<group>";
		};
		9018782F1F9E713D0062A0CE = {
			isa = PBXGroup;
			children = (
				9018783B1F9E713D0062A0CE /* LinxoNUI */,
				9018783A1F9E713D0062A0CE /* Products */,
				3298C32BFAE59BEAB12A9B33 /* Pods */,
				40D72B433A6E991DEF6B9E7F /* Frameworks */,
			);
			sourceTree = "<group>";
		};
		9018783A1F9E713D0062A0CE /* Products */ = {
			isa = PBXGroup;
			children = (
				901878391F9E713D0062A0CE /* LinxoNUI.framework */,
			);
			name = Products;
			sourceTree = "<group>";
		};
		9018783B1F9E713D0062A0CE /* LinxoNUI */ = {
			isa = PBXGroup;
			children = (
				9018784F1F9E85350062A0CE /* LinxoNUIInit.h */,
				901878501F9E85350062A0CE /* LinxoNUIInit.m */,
				9018783C1F9E713D0062A0CE /* LinxoNUI.h */,
				9018783D1F9E713D0062A0CE /* Info.plist */,
			);
			path = LinxoNUI;
			sourceTree = "<group>";
		};
/* End PBXGroup section */

/* Begin PBXHeadersBuildPhase section */
		901878361F9E713D0062A0CE /* Headers */ = {
			isa = PBXHeadersBuildPhase;
			buildActionMask = 2147483647;
			files = (
				9018783E1F9E713D0062A0CE /* LinxoNUI.h in Headers */,
				90ED0D121F9F20AD000F8548 /* LinxoNUIInit.h in Headers */,
			);
			runOnlyForDeploymentPostprocessing = 0;
		};
/* End PBXHeadersBuildPhase section */

/* Begin PBXNativeTarget section */
		901878381F9E713D0062A0CE /* LinxoNUI */ = {
			isa = PBXNativeTarget;
			buildConfigurationList = 901878411F9E713D0062A0CE /* Build configuration list for PBXNativeTarget "LinxoNUI" */;
			buildPhases = (
				01BEC70E80ED4117712C37CA /* [CP] Check Pods Manifest.lock */,
				901878341F9E713D0062A0CE /* Sources */,
				901878351F9E713D0062A0CE /* Frameworks */,
				901878361F9E713D0062A0CE /* Headers */,
				901878371F9E713D0062A0CE /* Resources */,
				6C133AAB9923E3E676D42F1D /* [CP] Copy Pods Resources */,
			);
			buildRules = (
			);
			dependencies = (
			);
			name = LinxoNUI;
			productName = LinxoNUI;
			productReference = 901878391F9E713D0062A0CE /* LinxoNUI.framework */;
			productType = "com.apple.product-type.framework";
		};
/* End PBXNativeTarget section */

/* Begin PBXProject section */
		901878301F9E713D0062A0CE /* Project object */ = {
			isa = PBXProject;
			attributes = {
				LastUpgradeCheck = 0900;
				ORGANIZATIONNAME = Linxo;
				TargetAttributes = {
					901878381F9E713D0062A0CE = {
						CreatedOnToolsVersion = 9.0;
						LastSwiftMigration = 0900;
						ProvisioningStyle = Automatic;
					};
				};
			};
			buildConfigurationList = 901878331F9E713D0062A0CE /* Build configuration list for PBXProject "LinxoNUI" */;
			compatibilityVersion = "Xcode 8.0";
			developmentRegion = en;
			hasScannedForEncodings = 0;
			knownRegions = (
				en,
			);
			mainGroup = 9018782F1F9E713D0062A0CE;
			productRefGroup = 9018783A1F9E713D0062A0CE /* Products */;
			projectDirPath = "";
			projectRoot = "";
			targets = (
				901878381F9E713D0062A0CE /* LinxoNUI */,
			);
		};
/* End PBXProject section */

/* Begin PBXResourcesBuildPhase section */
		901878371F9E713D0062A0CE /* Resources */ = {
			isa = PBXResourcesBuildPhase;
			buildActionMask = 2147483647;
			files = (
			);
			runOnlyForDeploymentPostprocessing = 0;
		};
/* End PBXResourcesBuildPhase section */

/* Begin PBXShellScriptBuildPhase section */
		01BEC70E80ED4117712C37CA /* [CP] Check Pods Manifest.lock */ = {
			isa = PBXShellScriptBuildPhase;
			buildActionMask = 2147483647;
			files = (
			);
			inputPaths = (
				"${PODS_PODFILE_DIR_PATH}/Podfile.lock",
				"${PODS_ROOT}/Manifest.lock",
			);
			name = "[CP] Check Pods Manifest.lock";
			outputPaths = (
				"$(DERIVED_FILE_DIR)/Pods-LinxoNUI-checkManifestLockResult.txt",
			);
			runOnlyForDeploymentPostprocessing = 0;
			shellPath = /bin/sh;
			shellScript = "diff \"${PODS_PODFILE_DIR_PATH}/Podfile.lock\" \"${PODS_ROOT}/Manifest.lock\" > /dev/null\nif [ $? != 0 ] ; then\n    # print error to STDERR\n    echo \"error: The sandbox is not in sync with the Podfile.lock. Run 'pod install' or update your CocoaPods installation.\" >&2\n    exit 1\nfi\n# This output is used by Xcode 'outputs' to avoid re-running this script phase.\necho \"SUCCESS\" > \"${SCRIPT_OUTPUT_FILE_0}\"\n";
			showEnvVarsInLog = 0;
		};
		6C133AAB9923E3E676D42F1D /* [CP] Copy Pods Resources */ = {
			isa = PBXShellScriptBuildPhase;
			buildActionMask = 2147483647;
			files = (
			);
			inputPaths = (
				"${SRCROOT}/Pods/Target Support Files/Pods-LinxoNUI/Pods-LinxoNUI-resources.sh",
				"${PODS_ROOT}/NUI/NUI/Resources/NUIViewBackground.png",
				"${PODS_ROOT}/NUI/NUI/NUIStyle.nss",
				"${PODS_ROOT}/NUI/NUI/Themes/Blue.NUI.nss",
				"${PODS_ROOT}/NUI/NUI/Themes/Default.NUI.nss",
				"${PODS_ROOT}/NUI/NUI/Themes/Googolplex.NUI.nss",
				"${PODS_ROOT}/NUI/NUI/Themes/Round.NUI.nss",
				"${PODS_ROOT}/NUI/NUI/Themes/Route.NUI.nss",
				"${PODS_ROOT}/NUI/NUI/Themes/SkyBlue.NUI.nss",
				"${PODS_ROOT}/NUI/NUI/Themes/Switchboard.NUI.nss",
			);
			name = "[CP] Copy Pods Resources";
			outputPaths = (
				"${TARGET_BUILD_DIR}/${UNLOCALIZED_RESOURCES_FOLDER_PATH}",
			);
			runOnlyForDeploymentPostprocessing = 0;
			shellPath = /bin/sh;
			shellScript = "\"${SRCROOT}/Pods/Target Support Files/Pods-LinxoNUI/Pods-LinxoNUI-resources.sh\"\n";
			showEnvVarsInLog = 0;
		};
/* End PBXShellScriptBuildPhase section */

/* Begin PBXSourcesBuildPhase section */
		901878341F9E713D0062A0CE /* Sources */ = {
			isa = PBXSourcesBuildPhase;
			buildActionMask = 2147483647;
			files = (
				901878511F9E85350062A0CE /* LinxoNUIInit.m in Sources */,
			);
			runOnlyForDeploymentPostprocessing = 0;
		};
/* End PBXSourcesBuildPhase section */

/* Begin XCBuildConfiguration section */
		9018783F1F9E713D0062A0CE /* Debug */ = {
			isa = XCBuildConfiguration;
			buildSettings = {
				ALWAYS_SEARCH_USER_PATHS = NO;
				CLANG_ANALYZER_NONNULL = YES;
				CLANG_ANALYZER_NUMBER_OBJECT_CONVERSION = YES_AGGRESSIVE;
				CLANG_CXX_LANGUAGE_STANDARD = "gnu++14";
				CLANG_CXX_LIBRARY = "libc++";
				CLANG_ENABLE_MODULES = YES;
				CLANG_ENABLE_OBJC_ARC = YES;
				CLANG_WARN_BLOCK_CAPTURE_AUTORELEASING = YES;
				CLANG_WARN_BOOL_CONVERSION = YES;
				CLANG_WARN_COMMA = YES;
				CLANG_WARN_CONSTANT_CONVERSION = YES;
				CLANG_WARN_DIRECT_OBJC_ISA_USAGE = YES_ERROR;
				CLANG_WARN_DOCUMENTATION_COMMENTS = YES;
				CLANG_WARN_EMPTY_BODY = YES;
				CLANG_WARN_ENUM_CONVERSION = YES;
				CLANG_WARN_INFINITE_RECURSION = YES;
				CLANG_WARN_INT_CONVERSION = YES;
				CLANG_WARN_NON_LITERAL_NULL_CONVERSION = YES;
				CLANG_WARN_OBJC_LITERAL_CONVERSION = YES;
				CLANG_WARN_OBJC_ROOT_CLASS = YES_ERROR;
				CLANG_WARN_RANGE_LOOP_ANALYSIS = YES;
				CLANG_WARN_STRICT_PROTOTYPES = YES;
				CLANG_WARN_SUSPICIOUS_MOVE = YES;
				CLANG_WARN_UNGUARDED_AVAILABILITY = YES_AGGRESSIVE;
				CLANG_WARN_UNREACHABLE_CODE = YES;
				CLANG_WARN__DUPLICATE_METHOD_MATCH = YES;
				CODE_SIGN_IDENTITY = "iPhone Developer";
				COPY_PHASE_STRIP = NO;
				CURRENT_PROJECT_VERSION = 1;
				DEBUG_INFORMATION_FORMAT = dwarf;
				ENABLE_STRICT_OBJC_MSGSEND = YES;
				ENABLE_TESTABILITY = YES;
				GCC_C_LANGUAGE_STANDARD = gnu11;
				GCC_DYNAMIC_NO_PIC = NO;
				GCC_NO_COMMON_BLOCKS = YES;
				GCC_OPTIMIZATION_LEVEL = 0;
				GCC_PREPROCESSOR_DEFINITIONS = (
					"DEBUG=1",
					"$(inherited)",
				);
				GCC_WARN_64_TO_32_BIT_CONVERSION = YES;
				GCC_WARN_ABOUT_RETURN_TYPE = YES_ERROR;
				GCC_WARN_UNDECLARED_SELECTOR = YES;
				GCC_WARN_UNINITIALIZED_AUTOS = YES_AGGRESSIVE;
				GCC_WARN_UNUSED_FUNCTION = YES;
				GCC_WARN_UNUSED_VARIABLE = YES;
				IPHONEOS_DEPLOYMENT_TARGET = 8.0;
				MTL_ENABLE_DEBUG_INFO = YES;
				ONLY_ACTIVE_ARCH = YES;
				SDKROOT = iphoneos;
				SWIFT_ACTIVE_COMPILATION_CONDITIONS = DEBUG;
				SWIFT_OPTIMIZATION_LEVEL = "-Onone";
				VERSIONING_SYSTEM = "apple-generic";
				VERSION_INFO_PREFIX = "";
			};
			name = Debug;
		};
		901878401F9E713D0062A0CE /* Release */ = {
			isa = XCBuildConfiguration;
			buildSettings = {
				ALWAYS_SEARCH_USER_PATHS = NO;
				CLANG_ANALYZER_NONNULL = YES;
				CLANG_ANALYZER_NUMBER_OBJECT_CONVERSION = YES_AGGRESSIVE;
				CLANG_CXX_LANGUAGE_STANDARD = "gnu++14";
				CLANG_CXX_LIBRARY = "libc++";
				CLANG_ENABLE_MODULES = YES;
				CLANG_ENABLE_OBJC_ARC = YES;
				CLANG_WARN_BLOCK_CAPTURE_AUTORELEASING = YES;
				CLANG_WARN_BOOL_CONVERSION = YES;
				CLANG_WARN_COMMA = YES;
				CLANG_WARN_CONSTANT_CONVERSION = YES;
				CLANG_WARN_DIRECT_OBJC_ISA_USAGE = YES_ERROR;
				CLANG_WARN_DOCUMENTATION_COMMENTS = YES;
				CLANG_WARN_EMPTY_BODY = YES;
				CLANG_WARN_ENUM_CONVERSION = YES;
				CLANG_WARN_INFINITE_RECURSION = YES;
				CLANG_WARN_INT_CONVERSION = YES;
				CLANG_WARN_NON_LITERAL_NULL_CONVERSION = YES;
				CLANG_WARN_OBJC_LITERAL_CONVERSION = YES;
				CLANG_WARN_OBJC_ROOT_CLASS = YES_ERROR;
				CLANG_WARN_RANGE_LOOP_ANALYSIS = YES;
				CLANG_WARN_STRICT_PROTOTYPES = YES;
				CLANG_WARN_SUSPICIOUS_MOVE = YES;
				CLANG_WARN_UNGUARDED_AVAILABILITY = YES_AGGRESSIVE;
				CLANG_WARN_UNREACHABLE_CODE = YES;
				CLANG_WARN__DUPLICATE_METHOD_MATCH = YES;
				CODE_SIGN_IDENTITY = "iPhone Developer";
				COPY_PHASE_STRIP = NO;
				CURRENT_PROJECT_VERSION = 1;
				DEBUG_INFORMATION_FORMAT = "dwarf-with-dsym";
				ENABLE_NS_ASSERTIONS = NO;
				ENABLE_STRICT_OBJC_MSGSEND = YES;
				GCC_C_LANGUAGE_STANDARD = gnu11;
				GCC_NO_COMMON_BLOCKS = YES;
				GCC_WARN_64_TO_32_BIT_CONVERSION = YES;
				GCC_WARN_ABOUT_RETURN_TYPE = YES_ERROR;
				GCC_WARN_UNDECLARED_SELECTOR = YES;
				GCC_WARN_UNINITIALIZED_AUTOS = YES_AGGRESSIVE;
				GCC_WARN_UNUSED_FUNCTION = YES;
				GCC_WARN_UNUSED_VARIABLE = YES;
				IPHONEOS_DEPLOYMENT_TARGET = 8.0;
				MTL_ENABLE_DEBUG_INFO = NO;
				SDKROOT = iphoneos;
				SWIFT_OPTIMIZATION_LEVEL = "-Owholemodule";
				VALIDATE_PRODUCT = YES;
				VERSIONING_SYSTEM = "apple-generic";
				VERSION_INFO_PREFIX = "";
			};
			name = Release;
		};
		901878421F9E713D0062A0CE /* Debug */ = {
			isa = XCBuildConfiguration;
			baseConfigurationReference = 674971801AC43D3E6A38A549 /* Pods-LinxoNUI.debug.xcconfig */;
			buildSettings = {
				CLANG_ALLOW_NON_MODULAR_INCLUDES_IN_FRAMEWORK_MODULES = YES;
				CLANG_ENABLE_MODULES = YES;
				CODE_SIGN_IDENTITY = "";
				CODE_SIGN_STYLE = Automatic;
				DEFINES_MODULE = YES;
				DEVELOPMENT_TEAM = V93ETA3JX3;
				DYLIB_COMPATIBILITY_VERSION = 1;
				DYLIB_CURRENT_VERSION = 1;
				DYLIB_INSTALL_NAME_BASE = "@rpath";
				INFOPLIST_FILE = LinxoNUI/Info.plist;
				INSTALL_PATH = "$(LOCAL_LIBRARY_DIR)/Frameworks";
				LD_RUNPATH_SEARCH_PATHS = "$(inherited) @executable_path/Frameworks @loader_path/Frameworks";
				PRODUCT_BUNDLE_IDENTIFIER = com.linxo.ios.LinxoNUI;
				PRODUCT_NAME = "$(TARGET_NAME:c99extidentifier)";
				SKIP_INSTALL = YES;
				SWIFT_OPTIMIZATION_LEVEL = "-Onone";
				SWIFT_VERSION = 4.0;
				TARGETED_DEVICE_FAMILY = "1,2";
			};
			name = Debug;
		};
		901878431F9E713D0062A0CE /* Release */ = {
			isa = XCBuildConfiguration;
			baseConfigurationReference = 2C41724778027DB8357FFB8C /* Pods-LinxoNUI.release.xcconfig */;
			buildSettings = {
				CLANG_ALLOW_NON_MODULAR_INCLUDES_IN_FRAMEWORK_MODULES = YES;
				CLANG_ENABLE_MODULES = YES;
				CODE_SIGN_IDENTITY = "";
				CODE_SIGN_STYLE = Automatic;
				DEFINES_MODULE = YES;
				DEVELOPMENT_TEAM = V93ETA3JX3;
				DYLIB_COMPATIBILITY_VERSION = 1;
				DYLIB_CURRENT_VERSION = 1;
				DYLIB_INSTALL_NAME_BASE = "@rpath";
				INFOPLIST_FILE = LinxoNUI/Info.plist;
				INSTALL_PATH = "$(LOCAL_LIBRARY_DIR)/Frameworks";
				LD_RUNPATH_SEARCH_PATHS = "$(inherited) @executable_path/Frameworks @loader_path/Frameworks";
				PRODUCT_BUNDLE_IDENTIFIER = com.linxo.ios.LinxoNUI;
				PRODUCT_NAME = "$(TARGET_NAME:c99extidentifier)";
				SKIP_INSTALL = YES;
				SWIFT_VERSION = 4.0;
				TARGETED_DEVICE_FAMILY = "1,2";
			};
			name = Release;
		};
/* End XCBuildConfiguration section */

/* Begin XCConfigurationList section */
		901878331F9E713D0062A0CE /* Build configuration list for PBXProject "LinxoNUI" */ = {
			isa = XCConfigurationList;
			buildConfigurations = (
				9018783F1F9E713D0062A0CE /* Debug */,
				901878401F9E713D0062A0CE /* Release */,
			);
			defaultConfigurationIsVisible = 0;
			defaultConfigurationName = Release;
		};
		901878411F9E713D0062A0CE /* Build configuration list for PBXNativeTarget "LinxoNUI" */ = {
			isa = XCConfigurationList;
			buildConfigurations = (
				901878421F9E713D0062A0CE /* Debug */,
				901878431F9E713D0062A0CE /* Release */,
			);
			defaultConfigurationIsVisible = 0;
			defaultConfigurationName = Release;
		};
/* End XCConfigurationList section */
	};
	rootObject = 901878301F9E713D0062A0CE /* Project object */;
}
